
Microsoft Visual Studio Solution File, Format Version 12.00
# Visual Studio Version 17
VisualStudioVersion = 17.14.36109.1 d17.14
MinimumVisualStudioVersion = 10.0.40219.1
Project("{8BC9CEB8-8B4A-11D0-8D11-00A0C91BC942}") = "CHIP8", "CHIP8\CHIP8.vcxproj", "{08A1E7FC-B79A-489F-8689-59AF09B4B466}"
EndProject
Global
	GlobalSection(SolutionConfigurationPlatforms) = preSolution
		Debug|x64 = Debug|x64
		Debug|x86 = Debug|x86
		Release|x64 = Release|x64
		Release|x86 = Release|x86
	EndGlobalSection
	GlobalSection(ProjectConfigurationPlatforms) = postSolution
		{08A1E7FC-B79A-489F-8689-59AF09B4B466}.Debug|x64.ActiveCfg = Debug|x64
		{08A1E7FC-B79A-489F-8689-59AF09B4B466}.Debug|x64.Build.0 = Debug|x64
		{08A1E7FC-B79A-489F-8689-59AF09B4B466}.Debug|x86.ActiveCfg = Debug|Win32
		{08A1E7FC-B79A-489F-8689-59AF09B4B466}.Debug|x86.Build.0 = Debug|Win32
		{08A1E7FC-B79A-489F-8689-59AF09B4B466}.Release|x64.ActiveCfg = Release|x64
		{08A1E7FC-B79A-489F-8689-59AF09B4B466}.Release|x64.Build.0 = Release|x64
		{08A1E7FC-B79A-489F-8689-59AF09B4B466}.Release|x86.ActiveCfg = Release|Win32
		{08A1E7FC-B79A-489F-8689-59AF09B4B466}.Release|x86.Build.0 = Release|Win32
	EndGlobalSection
	GlobalSection(SolutionProperties) = preSolution
		HideSolutionNode = FALSE
	EndGlobalSection
	GlobalSection(ExtensibilityGlobals) = postSolution
		SolutionGuid = {950912A8-8390-473B-BBB7-31FD419E8E36}
	EndGlobalSection
EndGlobal
